
Microsoft Visual Studio Solution File, Format Version 12.00
# Visual Studio 15
VisualStudioVersion = 15.0.28307.1259
MinimumVisualStudioVersion = 10.0.40219.1
Project("{FAE04EC0-301F-11D3-BF4B-00C04F79EFBC}") = "PROJEK2", "PROJEK2\PROJEK2.csproj", "{02E174B1-2BC0-46C4-A960-AF2DBE457C47}"
EndProject
Project("{FAE04EC0-301F-11D3-BF4B-00C04F79EFBC}") = "PROJEK2.Tests", "PROJEK2.Tests\PROJEK2.Tests.csproj", "{6EDEA8F2-EB5A-4DE0-9BE7-5AAA641A4B1B}"
EndProject
Project("{FAE04EC0-301F-11D3-BF4B-00C04F79EFBC}") = "DataLibrary", "DataLibrary\DataLibrary.csproj", "{D8E3C1C6-5556-4700-92AE-27DDF35B589A}"
EndProject
Project("{00D1A9C2-B5F0-4AF3-8072-F6C62B433612}") = "UsersDB", "UsersDB\UsersDB.sqlproj", "{DD1AF92A-B2DA-4E29-8F6D-0268986773A8}"
EndProject
Global
	GlobalSection(SolutionConfigurationPlatforms) = preSolution
		Debug|Any CPU = Debug|Any CPU
		Release|Any CPU = Release|Any CPU
	EndGlobalSection
	GlobalSection(ProjectConfigurationPlatforms) = postSolution
		{02E174B1-2BC0-46C4-A960-AF2DBE457C47}.Debug|Any CPU.ActiveCfg = Debug|Any CPU
		{02E174B1-2BC0-46C4-A960-AF2DBE457C47}.Debug|Any CPU.Build.0 = Debug|Any CPU
		{02E174B1-2BC0-46C4-A960-AF2DBE457C47}.Release|Any CPU.ActiveCfg = Release|Any CPU
		{02E174B1-2BC0-46C4-A960-AF2DBE457C47}.Release|Any CPU.Build.0 = Release|Any CPU
		{6EDEA8F2-EB5A-4DE0-9BE7-5AAA641A4B1B}.Debug|Any CPU.ActiveCfg = Debug|Any CPU
		{6EDEA8F2-EB5A-4DE0-9BE7-5AAA641A4B1B}.Debug|Any CPU.Build.0 = Debug|Any CPU
		{6EDEA8F2-EB5A-4DE0-9BE7-5AAA641A4B1B}.Release|Any CPU.ActiveCfg = Release|Any CPU
		{6EDEA8F2-EB5A-4DE0-9BE7-5AAA641A4B1B}.Release|Any CPU.Build.0 = Release|Any CPU
		{D8E3C1C6-5556-4700-92AE-27DDF35B589A}.Debug|Any CPU.ActiveCfg = Debug|Any CPU
		{D8E3C1C6-5556-4700-92AE-27DDF35B589A}.Debug|Any CPU.Build.0 = Debug|Any CPU
		{D8E3C1C6-5556-4700-92AE-27DDF35B589A}.Release|Any CPU.ActiveCfg = Release|Any CPU
		{D8E3C1C6-5556-4700-92AE-27DDF35B589A}.Release|Any CPU.Build.0 = Release|Any CPU
		{DD1AF92A-B2DA-4E29-8F6D-0268986773A8}.Debug|Any CPU.ActiveCfg = Debug|Any CPU
		{DD1AF92A-B2DA-4E29-8F6D-0268986773A8}.Debug|Any CPU.Build.0 = Debug|Any CPU
		{DD1AF92A-B2DA-4E29-8F6D-0268986773A8}.Debug|Any CPU.Deploy.0 = Debug|Any CPU
		{DD1AF92A-B2DA-4E29-8F6D-0268986773A8}.Release|Any CPU.ActiveCfg = Release|Any CPU
		{DD1AF92A-B2DA-4E29-8F6D-0268986773A8}.Release|Any CPU.Build.0 = Release|Any CPU
		{DD1AF92A-B2DA-4E29-8F6D-0268986773A8}.Release|Any CPU.Deploy.0 = Release|Any CPU
	EndGlobalSection
	GlobalSection(SolutionProperties) = preSolution
		HideSolutionNode = FALSE
	EndGlobalSection
	GlobalSection(ExtensibilityGlobals) = postSolution
		SolutionGuid = {6DB7D157-0CA3-4091-843D-A82F904A2F1D}
	EndGlobalSection
EndGlobal
